
Microsoft Visual Studio Solution File, Format Version 12.00
# Visual Studio Version 16
VisualStudioVersion = 16.0.31025.218
MinimumVisualStudioVersion = 10.0.40219.1
Project("{9A19103F-16F7-4668-BE54-9A1E7A4F7556}") = "WpfBlazorRepro", "WpfBlazorRepro\WpfBlazorRepro.csproj", "{BC62A777-0B92-4FA2-BA5B-5A13A4EE031B}"
EndProject
Global
	GlobalSection(SolutionConfigurationPlatforms) = preSolution
		Debug|Any CPU = Debug|Any CPU
		Release|Any CPU = Release|Any CPU
	EndGlobalSection
	GlobalSection(ProjectConfigurationPlatforms) = postSolution
		{BC62A777-0B92-4FA2-BA5B-5A13A4EE031B}.Debug|Any CPU.ActiveCfg = Debug|Any CPU
		{BC62A777-0B92-4FA2-BA5B-5A13A4EE031B}.Debug|Any CPU.Build.0 = Debug|Any CPU
		{BC62A777-0B92-4FA2-BA5B-5A13A4EE031B}.Release|Any CPU.ActiveCfg = Release|Any CPU
		{BC62A777-0B92-4FA2-BA5B-5A13A4EE031B}.Release|Any CPU.Build.0 = Release|Any CPU
	EndGlobalSection
	GlobalSection(SolutionProperties) = preSolution
		HideSolutionNode = FALSE
	EndGlobalSection
	GlobalSection(ExtensibilityGlobals) = postSolution
		SolutionGuid = {9949B847-0145-428B-B91A-7B4BAF5E9CE9}
	EndGlobalSection
EndGlobal
